
Microsoft Visual Studio Solution File, Format Version 12.00
# Visual Studio Version 17
VisualStudioVersion = 17.8.34511.84
MinimumVisualStudioVersion = 10.0.40219.1
Project("{FAE04EC0-301F-11D3-BF4B-00C04F79EFBC}") = "ITSM.Services.Api", "ITSM.Services.Api\ITSM.Services.Api.csproj", "{FBEF1D2A-2DF1-42A4-8ABB-EC67F01F59A8}"
EndProject
Global
	GlobalSection(SolutionConfigurationPlatforms) = preSolution
		Debug|Any CPU = Debug|Any CPU
		Release|Any CPU = Release|Any CPU
	EndGlobalSection
	GlobalSection(ProjectConfigurationPlatforms) = postSolution
		{FBEF1D2A-2DF1-42A4-8ABB-EC67F01F59A8}.Debug|Any CPU.ActiveCfg = Debug|Any CPU
		{FBEF1D2A-2DF1-42A4-8ABB-EC67F01F59A8}.Debug|Any CPU.Build.0 = Debug|Any CPU
		{FBEF1D2A-2DF1-42A4-8ABB-EC67F01F59A8}.Release|Any CPU.ActiveCfg = Release|Any CPU
		{FBEF1D2A-2DF1-42A4-8ABB-EC67F01F59A8}.Release|Any CPU.Build.0 = Release|Any CPU
	EndGlobalSection
	GlobalSection(SolutionProperties) = preSolution
		HideSolutionNode = FALSE
	EndGlobalSection
	GlobalSection(ExtensibilityGlobals) = postSolution
		SolutionGuid = {FF7392D1-7B9E-4639-83E7-FAED5A209FAA}
	EndGlobalSection
EndGlobal
